
Microsoft Visual Studio Solution File, Format Version 12.00
# Visual Studio Version 16
VisualStudioVersion = 16.0.30804.86
MinimumVisualStudioVersion = 10.0.40219.1
Project("{888888A0-9F3D-457C-B088-3A5042F75D52}") = "wiki_generator_demo_live", "wiki_generator_demo_live\wiki_generator_demo_live.pyproj", "{91FC46B8-D9F3-42F8-A4DD-5041DEF6E673}"
EndProject
Global
	GlobalSection(SolutionConfigurationPlatforms) = preSolution
		Debug|Any CPU = Debug|Any CPU
		Release|Any CPU = Release|Any CPU
	EndGlobalSection
	GlobalSection(ProjectConfigurationPlatforms) = postSolution
		{91FC46B8-D9F3-42F8-A4DD-5041DEF6E673}.Debug|Any CPU.ActiveCfg = Debug|Any CPU
		{91FC46B8-D9F3-42F8-A4DD-5041DEF6E673}.Release|Any CPU.ActiveCfg = Release|Any CPU
	EndGlobalSection
	GlobalSection(SolutionProperties) = preSolution
		HideSolutionNode = FALSE
	EndGlobalSection
	GlobalSection(ExtensibilityGlobals) = postSolution
		SolutionGuid = {84D148EE-0E64-4456-B361-2489FF04CC5A}
	EndGlobalSection
EndGlobal
